
Microsoft Visual Studio Solution File, Format Version 12.00
# Visual Studio 15
VisualStudioVersion = 15.0.28307.421
MinimumVisualStudioVersion = 10.0.40219.1
Project("{E24C65DC-7377-472B-9ABA-BC803B73C61A}") = "EMPLOYEE MOVEMENT", "EMPLOYEE MOVEMENT\", "{4FD6F060-9FC1-423F-ABBA-5612C1E3F3D3}"
	ProjectSection(WebsiteProperties) = preProject
		TargetFrameworkMoniker = ".NETFramework,Version%3Dv4.6"
		Debug.AspNetCompiler.VirtualPath = "/localhost_41563"
		Debug.AspNetCompiler.PhysicalPath = "C:\holmestest\newtest\EMPLOYEE MOVEMENT2\EMPLOYEE MOVEMENT"
		Debug.AspNetCompiler.TargetPath = "PrecompiledWeb\localhost_41563\"
		Debug.AspNetCompiler.Updateable = "true"
		Debug.AspNetCompiler.ForceOverwrite = "true"
		Debug.AspNetCompiler.FixedNames = "false"
		Debug.AspNetCompiler.Debug = "True"
		Release.AspNetCompiler.VirtualPath = "/localhost_41563"
		Release.AspNetCompiler.PhysicalPath = "C:\holmestest\newtest\EMPLOYEE MOVEMENT2\EMPLOYEE MOVEMENT"
		Release.AspNetCompiler.TargetPath = "PrecompiledWeb\localhost_41563\"
		Release.AspNetCompiler.Updateable = "true"
		Release.AspNetCompiler.ForceOverwrite = "true"
		Release.AspNetCompiler.FixedNames = "false"
		Release.AspNetCompiler.Debug = "True"
		VWDPort = 41563
	EndProjectSection
EndProject
Global
	GlobalSection(SolutionConfigurationPlatforms) = preSolution
		Debug|Any CPU = Debug|Any CPU
	EndGlobalSection
	GlobalSection(ProjectConfigurationPlatforms) = postSolution
		{4FD6F060-9FC1-423F-ABBA-5612C1E3F3D3}.Debug|Any CPU.ActiveCfg = Debug|Any CPU
		{4FD6F060-9FC1-423F-ABBA-5612C1E3F3D3}.Debug|Any CPU.Build.0 = Debug|Any CPU
	EndGlobalSection
	GlobalSection(SolutionProperties) = preSolution
		HideSolutionNode = FALSE
	EndGlobalSection
	GlobalSection(ExtensibilityGlobals) = postSolution
		SolutionGuid = {28EB3359-C1BD-4640-9079-EE49C87F0483}
	EndGlobalSection
EndGlobal
